
Microsoft Visual Studio Solution File, Format Version 12.00
# Visual Studio Version 17
VisualStudioVersion = 17.0.31903.59
MinimumVisualStudioVersion = 10.0.40219.1
Project("{2150E333-8FDC-42A3-9474-1A3956D46DE8}") = "src", "src", "{827E0CD3-B72D-47B6-A68D-7590B98EB39B}"
EndProject
Project("{FAE04EC0-301F-11D3-BF4B-00C04F79EFBC}") = "Retail.Api", "src\Retail.Api\Retail.Api.csproj", "{F1F2E138-9AB1-44E9-AF91-04CED6CD53C6}"
EndProject
Project("{FAE04EC0-301F-11D3-BF4B-00C04F79EFBC}") = "Retail.Domain", "src\Retail.Domain\Retail.Domain.csproj", "{D20E35DA-86EB-4CE7-BFC6-90EA9429BF07}"
EndProject
Project("{FAE04EC0-301F-11D3-BF4B-00C04F79EFBC}") = "Retail.Infrastructure", "src\Retail.Infrastructure\Retail.Infrastructure.csproj", "{EB2D401D-6782-4171-8B39-3CF7F0378A3B}"
EndProject
Project("{FAE04EC0-301F-11D3-BF4B-00C04F79EFBC}") = "Retail.Application", "src\Retail.Application\Retail.Application.csproj", "{DAF5887C-19DB-400A-9671-EBC828C0292D}"
EndProject
Project("{FAE04EC0-301F-11D3-BF4B-00C04F79EFBC}") = "Retail.IntegrationTests", "src\Retail.IntegrationTests\Retail.IntegrationTests.csproj", "{21D4705E-56FA-480F-8445-C33B0D936087}"
EndProject
Project("{FAE04EC0-301F-11D3-BF4B-00C04F79EFBC}") = "Retail.UnitTests", "src\Retail.UnitTests\Retail.UnitTests.csproj", "{3CE13D40-3718-4B26-A07B-D108EC544E00}"
EndProject
Global
	GlobalSection(SolutionConfigurationPlatforms) = preSolution
		Debug|Any CPU = Debug|Any CPU
		Debug|x64 = Debug|x64
		Debug|x86 = Debug|x86
		Release|Any CPU = Release|Any CPU
		Release|x64 = Release|x64
		Release|x86 = Release|x86
	EndGlobalSection
	GlobalSection(ProjectConfigurationPlatforms) = postSolution
		{F1F2E138-9AB1-44E9-AF91-04CED6CD53C6}.Debug|Any CPU.ActiveCfg = Debug|Any CPU
		{F1F2E138-9AB1-44E9-AF91-04CED6CD53C6}.Debug|Any CPU.Build.0 = Debug|Any CPU
		{F1F2E138-9AB1-44E9-AF91-04CED6CD53C6}.Debug|x64.ActiveCfg = Debug|Any CPU
		{F1F2E138-9AB1-44E9-AF91-04CED6CD53C6}.Debug|x64.Build.0 = Debug|Any CPU
		{F1F2E138-9AB1-44E9-AF91-04CED6CD53C6}.Debug|x86.ActiveCfg = Debug|Any CPU
		{F1F2E138-9AB1-44E9-AF91-04CED6CD53C6}.Debug|x86.Build.0 = Debug|Any CPU
		{F1F2E138-9AB1-44E9-AF91-04CED6CD53C6}.Release|Any CPU.ActiveCfg = Release|Any CPU
		{F1F2E138-9AB1-44E9-AF91-04CED6CD53C6}.Release|Any CPU.Build.0 = Release|Any CPU
		{F1F2E138-9AB1-44E9-AF91-04CED6CD53C6}.Release|x64.ActiveCfg = Release|Any CPU
		{F1F2E138-9AB1-44E9-AF91-04CED6CD53C6}.Release|x64.Build.0 = Release|Any CPU
		{F1F2E138-9AB1-44E9-AF91-04CED6CD53C6}.Release|x86.ActiveCfg = Release|Any CPU
		{F1F2E138-9AB1-44E9-AF91-04CED6CD53C6}.Release|x86.Build.0 = Release|Any CPU
		{D20E35DA-86EB-4CE7-BFC6-90EA9429BF07}.Debug|Any CPU.ActiveCfg = Debug|Any CPU
		{D20E35DA-86EB-4CE7-BFC6-90EA9429BF07}.Debug|Any CPU.Build.0 = Debug|Any CPU
		{D20E35DA-86EB-4CE7-BFC6-90EA9429BF07}.Debug|x64.ActiveCfg = Debug|Any CPU
		{D20E35DA-86EB-4CE7-BFC6-90EA9429BF07}.Debug|x64.Build.0 = Debug|Any CPU
		{D20E35DA-86EB-4CE7-BFC6-90EA9429BF07}.Debug|x86.ActiveCfg = Debug|Any CPU
		{D20E35DA-86EB-4CE7-BFC6-90EA9429BF07}.Debug|x86.Build.0 = Debug|Any CPU
		{D20E35DA-86EB-4CE7-BFC6-90EA9429BF07}.Release|Any CPU.ActiveCfg = Release|Any CPU
		{D20E35DA-86EB-4CE7-BFC6-90EA9429BF07}.Release|Any CPU.Build.0 = Release|Any CPU
		{D20E35DA-86EB-4CE7-BFC6-90EA9429BF07}.Release|x64.ActiveCfg = Release|Any CPU
		{D20E35DA-86EB-4CE7-BFC6-90EA9429BF07}.Release|x64.Build.0 = Release|Any CPU
		{D20E35DA-86EB-4CE7-BFC6-90EA9429BF07}.Release|x86.ActiveCfg = Release|Any CPU
		{D20E35DA-86EB-4CE7-BFC6-90EA9429BF07}.Release|x86.Build.0 = Release|Any CPU
		{EB2D401D-6782-4171-8B39-3CF7F0378A3B}.Debug|Any CPU.ActiveCfg = Debug|Any CPU
		{EB2D401D-6782-4171-8B39-3CF7F0378A3B}.Debug|Any CPU.Build.0 = Debug|Any CPU
		{EB2D401D-6782-4171-8B39-3CF7F0378A3B}.Debug|x64.ActiveCfg = Debug|Any CPU
		{EB2D401D-6782-4171-8B39-3CF7F0378A3B}.Debug|x64.Build.0 = Debug|Any CPU
		{EB2D401D-6782-4171-8B39-3CF7F0378A3B}.Debug|x86.ActiveCfg = Debug|Any CPU
		{EB2D401D-6782-4171-8B39-3CF7F0378A3B}.Debug|x86.Build.0 = Debug|Any CPU
		{EB2D401D-6782-4171-8B39-3CF7F0378A3B}.Release|Any CPU.ActiveCfg = Release|Any CPU
		{EB2D401D-6782-4171-8B39-3CF7F0378A3B}.Release|Any CPU.Build.0 = Release|Any CPU
		{EB2D401D-6782-4171-8B39-3CF7F0378A3B}.Release|x64.ActiveCfg = Release|Any CPU
		{EB2D401D-6782-4171-8B39-3CF7F0378A3B}.Release|x64.Build.0 = Release|Any CPU
		{EB2D401D-6782-4171-8B39-3CF7F0378A3B}.Release|x86.ActiveCfg = Release|Any CPU
		{EB2D401D-6782-4171-8B39-3CF7F0378A3B}.Release|x86.Build.0 = Release|Any CPU
		{DAF5887C-19DB-400A-9671-EBC828C0292D}.Debug|Any CPU.ActiveCfg = Debug|Any CPU
		{DAF5887C-19DB-400A-9671-EBC828C0292D}.Debug|Any CPU.Build.0 = Debug|Any CPU
		{DAF5887C-19DB-400A-9671-EBC828C0292D}.Debug|x64.ActiveCfg = Debug|Any CPU
		{DAF5887C-19DB-400A-9671-EBC828C0292D}.Debug|x64.Build.0 = Debug|Any CPU
		{DAF5887C-19DB-400A-9671-EBC828C0292D}.Debug|x86.ActiveCfg = Debug|Any CPU
		{DAF5887C-19DB-400A-9671-EBC828C0292D}.Debug|x86.Build.0 = Debug|Any CPU
		{DAF5887C-19DB-400A-9671-EBC828C0292D}.Release|Any CPU.ActiveCfg = Release|Any CPU
		{DAF5887C-19DB-400A-9671-EBC828C0292D}.Release|Any CPU.Build.0 = Release|Any CPU
		{DAF5887C-19DB-400A-9671-EBC828C0292D}.Release|x64.ActiveCfg = Release|Any CPU
		{DAF5887C-19DB-400A-9671-EBC828C0292D}.Release|x64.Build.0 = Release|Any CPU
		{DAF5887C-19DB-400A-9671-EBC828C0292D}.Release|x86.ActiveCfg = Release|Any CPU
		{DAF5887C-19DB-400A-9671-EBC828C0292D}.Release|x86.Build.0 = Release|Any CPU
		{21D4705E-56FA-480F-8445-C33B0D936087}.Debug|Any CPU.ActiveCfg = Debug|Any CPU
		{21D4705E-56FA-480F-8445-C33B0D936087}.Debug|Any CPU.Build.0 = Debug|Any CPU
		{21D4705E-56FA-480F-8445-C33B0D936087}.Debug|x64.ActiveCfg = Debug|Any CPU
		{21D4705E-56FA-480F-8445-C33B0D936087}.Debug|x64.Build.0 = Debug|Any CPU
		{21D4705E-56FA-480F-8445-C33B0D936087}.Debug|x86.ActiveCfg = Debug|Any CPU
		{21D4705E-56FA-480F-8445-C33B0D936087}.Debug|x86.Build.0 = Debug|Any CPU
		{21D4705E-56FA-480F-8445-C33B0D936087}.Release|Any CPU.ActiveCfg = Release|Any CPU
		{21D4705E-56FA-480F-8445-C33B0D936087}.Release|Any CPU.Build.0 = Release|Any CPU
		{21D4705E-56FA-480F-8445-C33B0D936087}.Release|x64.ActiveCfg = Release|Any CPU
		{21D4705E-56FA-480F-8445-C33B0D936087}.Release|x64.Build.0 = Release|Any CPU
		{21D4705E-56FA-480F-8445-C33B0D936087}.Release|x86.ActiveCfg = Release|Any CPU
		{21D4705E-56FA-480F-8445-C33B0D936087}.Release|x86.Build.0 = Release|Any CPU
		{3CE13D40-3718-4B26-A07B-D108EC544E00}.Debug|Any CPU.ActiveCfg = Debug|Any CPU
		{3CE13D40-3718-4B26-A07B-D108EC544E00}.Debug|Any CPU.Build.0 = Debug|Any CPU
		{3CE13D40-3718-4B26-A07B-D108EC544E00}.Debug|x64.ActiveCfg = Debug|Any CPU
		{3CE13D40-3718-4B26-A07B-D108EC544E00}.Debug|x64.Build.0 = Debug|Any CPU
		{3CE13D40-3718-4B26-A07B-D108EC544E00}.Debug|x86.ActiveCfg = Debug|Any CPU
		{3CE13D40-3718-4B26-A07B-D108EC544E00}.Debug|x86.Build.0 = Debug|Any CPU
		{3CE13D40-3718-4B26-A07B-D108EC544E00}.Release|Any CPU.ActiveCfg = Release|Any CPU
		{3CE13D40-3718-4B26-A07B-D108EC544E00}.Release|Any CPU.Build.0 = Release|Any CPU
		{3CE13D40-3718-4B26-A07B-D108EC544E00}.Release|x64.ActiveCfg = Release|Any CPU
		{3CE13D40-3718-4B26-A07B-D108EC544E00}.Release|x64.Build.0 = Release|Any CPU
		{3CE13D40-3718-4B26-A07B-D108EC544E00}.Release|x86.ActiveCfg = Release|Any CPU
		{3CE13D40-3718-4B26-A07B-D108EC544E00}.Release|x86.Build.0 = Release|Any CPU
	EndGlobalSection
	GlobalSection(SolutionProperties) = preSolution
		HideSolutionNode = FALSE
	EndGlobalSection
	GlobalSection(NestedProjects) = preSolution
		{F1F2E138-9AB1-44E9-AF91-04CED6CD53C6} = {827E0CD3-B72D-47B6-A68D-7590B98EB39B}
		{D20E35DA-86EB-4CE7-BFC6-90EA9429BF07} = {827E0CD3-B72D-47B6-A68D-7590B98EB39B}
		{EB2D401D-6782-4171-8B39-3CF7F0378A3B} = {827E0CD3-B72D-47B6-A68D-7590B98EB39B}
		{DAF5887C-19DB-400A-9671-EBC828C0292D} = {827E0CD3-B72D-47B6-A68D-7590B98EB39B}
		{21D4705E-56FA-480F-8445-C33B0D936087} = {827E0CD3-B72D-47B6-A68D-7590B98EB39B}
		{3CE13D40-3718-4B26-A07B-D108EC544E00} = {827E0CD3-B72D-47B6-A68D-7590B98EB39B}
	EndGlobalSection
	GlobalSection(ExtensibilityGlobals) = postSolution
		SolutionGuid = {76C628C3-AA1B-4F90-B486-30D52ACD73FF}
	EndGlobalSection
EndGlobal
